// !$*UTF8*$!
{
	archiveVersion = 1;
	classes = {
	};
	objectVersion = 55;
	objects = {

/* Begin PBXBuildFile section */
		AF248221271888DEB138E813 /* Pods_Messenger.framework in Frameworks */ = {isa = PBXBuildFile; fileRef = D810028FA01EB5FA7BC23FD5 /* Pods_Messenger.framework */; };
		F518CCEA28A82F1A00BD34D2 /* GoogleService-Info.plist in Resources */ = {isa = PBXBuildFile; fileRef = F518CCE928A82F1A00BD34D2 /* GoogleService-Info.plist */; };
		F54232BE28A6A26F00C10E43 /* AppDelegate.swift in Sources */ = {isa = PBXBuildFile; fileRef = F54232BD28A6A26F00C10E43 /* AppDelegate.swift */; };
		F54232C028A6A26F00C10E43 /* SceneDelegate.swift in Sources */ = {isa = PBXBuildFile; fileRef = F54232BF28A6A26F00C10E43 /* SceneDelegate.swift */; };
		F54232C228A6A26F00C10E43 /* ConversationsViewController.swift in Sources */ = {isa = PBXBuildFile; fileRef = F54232C128A6A26F00C10E43 /* ConversationsViewController.swift */; };
		F54232C528A6A26F00C10E43 /* Main.storyboard in Resources */ = {isa = PBXBuildFile; fileRef = F54232C328A6A26F00C10E43 /* Main.storyboard */; };
		F54232C728A6A27100C10E43 /* Assets.xcassets in Resources */ = {isa = PBXBuildFile; fileRef = F54232C628A6A27100C10E43 /* Assets.xcassets */; };
		F54232CA28A6A27100C10E43 /* LaunchScreen.storyboard in Resources */ = {isa = PBXBuildFile; fileRef = F54232C828A6A27100C10E43 /* LaunchScreen.storyboard */; };
		F54232D928A6A5D500C10E43 /* LoginViewController.swift in Sources */ = {isa = PBXBuildFile; fileRef = F54232D828A6A5D500C10E43 /* LoginViewController.swift */; };
		F54232DB28A6A5FD00C10E43 /* RegisterViewController.swift in Sources */ = {isa = PBXBuildFile; fileRef = F54232DA28A6A5FD00C10E43 /* RegisterViewController.swift */; };
		F54232DD28A6A63600C10E43 /* PhotoViewerViewController.swift in Sources */ = {isa = PBXBuildFile; fileRef = F54232DC28A6A63600C10E43 /* PhotoViewerViewController.swift */; };
		F54232DF28A6A65000C10E43 /* VideoPlayerViewController.swift in Sources */ = {isa = PBXBuildFile; fileRef = F54232DE28A6A65000C10E43 /* VideoPlayerViewController.swift */; };
		F54232E128A6A67C00C10E43 /* NewConversationViewController.swift in Sources */ = {isa = PBXBuildFile; fileRef = F54232E028A6A67C00C10E43 /* NewConversationViewController.swift */; };
		F54232E328A6A69400C10E43 /* ProfileViewController.swift in Sources */ = {isa = PBXBuildFile; fileRef = F54232E228A6A69400C10E43 /* ProfileViewController.swift */; };
		F54232E728A6B13C00C10E43 /* Extensions.swift in Sources */ = {isa = PBXBuildFile; fileRef = F54232E628A6B13C00C10E43 /* Extensions.swift */; };
		F5BF20CC28A912B00003459C /* DatabaseManager.swift in Sources */ = {isa = PBXBuildFile; fileRef = F5BF20CB28A912B00003459C /* DatabaseManager.swift */; };
/* End PBXBuildFile section */

/* Begin PBXFileReference section */
		2A6D1586B44758A02E08BEAC /* Pods-Messenger.release.xcconfig */ = {isa = PBXFileReference; includeInIndex = 1; lastKnownFileType = text.xcconfig; name = "Pods-Messenger.release.xcconfig"; path = "Target Support Files/Pods-Messenger/Pods-Messenger.release.xcconfig"; sourceTree = "<group>"; };
		D810028FA01EB5FA7BC23FD5 /* Pods_Messenger.framework */ = {isa = PBXFileReference; explicitFileType = wrapper.framework; includeInIndex = 0; path = Pods_Messenger.framework; sourceTree = BUILT_PRODUCTS_DIR; };
		F518CCE928A82F1A00BD34D2 /* GoogleService-Info.plist */ = {isa = PBXFileReference; fileEncoding = 4; lastKnownFileType = text.plist.xml; path = "GoogleService-Info.plist"; sourceTree = "<group>"; };
		F54232BA28A6A26E00C10E43 /* Messenger.app */ = {isa = PBXFileReference; explicitFileType = wrapper.application; includeInIndex = 0; path = Messenger.app; sourceTree = BUILT_PRODUCTS_DIR; };
		F54232BD28A6A26F00C10E43 /* AppDelegate.swift */ = {isa = PBXFileReference; lastKnownFileType = sourcecode.swift; path = AppDelegate.swift; sourceTree = "<group>"; };
		F54232BF28A6A26F00C10E43 /* SceneDelegate.swift */ = {isa = PBXFileReference; lastKnownFileType = sourcecode.swift; path = SceneDelegate.swift; sourceTree = "<group>"; };
		F54232C128A6A26F00C10E43 /* ConversationsViewController.swift */ = {isa = PBXFileReference; lastKnownFileType = sourcecode.swift; path = ConversationsViewController.swift; sourceTree = "<group>"; };
		F54232C428A6A26F00C10E43 /* Base */ = {isa = PBXFileReference; lastKnownFileType = file.storyboard; name = Base; path = Base.lproj/Main.storyboard; sourceTree = "<group>"; };
		F54232C628A6A27100C10E43 /* Assets.xcassets */ = {isa = PBXFileReference; lastKnownFileType = folder.assetcatalog; path = Assets.xcassets; sourceTree = "<group>"; };
		F54232C928A6A27100C10E43 /* Base */ = {isa = PBXFileReference; lastKnownFileType = file.storyboard; name = Base; path = Base.lproj/LaunchScreen.storyboard; sourceTree = "<group>"; };
		F54232CB28A6A27100C10E43 /* Info.plist */ = {isa = PBXFileReference; lastKnownFileType = text.plist.xml; path = Info.plist; sourceTree = "<group>"; };
		F54232D828A6A5D500C10E43 /* LoginViewController.swift */ = {isa = PBXFileReference; lastKnownFileType = sourcecode.swift; path = LoginViewController.swift; sourceTree = "<group>"; };
		F54232DA28A6A5FD00C10E43 /* RegisterViewController.swift */ = {isa = PBXFileReference; lastKnownFileType = sourcecode.swift; path = RegisterViewController.swift; sourceTree = "<group>"; };
		F54232DC28A6A63600C10E43 /* PhotoViewerViewController.swift */ = {isa = PBXFileReference; lastKnownFileType = sourcecode.swift; path = PhotoViewerViewController.swift; sourceTree = "<group>"; };
		F54232DE28A6A65000C10E43 /* VideoPlayerViewController.swift */ = {isa = PBXFileReference; lastKnownFileType = sourcecode.swift; path = VideoPlayerViewController.swift; sourceTree = "<group>"; };
		F54232E028A6A67C00C10E43 /* NewConversationViewController.swift */ = {isa = PBXFileReference; lastKnownFileType = sourcecode.swift; path = NewConversationViewController.swift; sourceTree = "<group>"; };
		F54232E228A6A69400C10E43 /* ProfileViewController.swift */ = {isa = PBXFileReference; lastKnownFileType = sourcecode.swift; path = ProfileViewController.swift; sourceTree = "<group>"; };
		F54232E628A6B13C00C10E43 /* Extensions.swift */ = {isa = PBXFileReference; lastKnownFileType = sourcecode.swift; path = Extensions.swift; sourceTree = "<group>"; };
		F5BF20CB28A912B00003459C /* DatabaseManager.swift */ = {isa = PBXFileReference; lastKnownFileType = sourcecode.swift; path = DatabaseManager.swift; sourceTree = "<group>"; };
		F883FA6EA710E9CA3C787556 /* Pods-Messenger.debug.xcconfig */ = {isa = PBXFileReference; includeInIndex = 1; lastKnownFileType = text.xcconfig; name = "Pods-Messenger.debug.xcconfig"; path = "Target Support Files/Pods-Messenger/Pods-Messenger.debug.xcconfig"; sourceTree = "<group>"; };
/* End PBXFileReference section */

/* Begin PBXFrameworksBuildPhase section */
		F54232B728A6A26E00C10E43 /* Frameworks */ = {
			isa = PBXFrameworksBuildPhase;
			buildActionMask = 2147483647;
			files = (
				AF248221271888DEB138E813 /* Pods_Messenger.framework in Frameworks */,
			);
			runOnlyForDeploymentPostprocessing = 0;
		};
/* End PBXFrameworksBuildPhase section */

/* Begin PBXGroup section */
		212F8562A5ABD7E5748E627E /* Pods */ = {
			isa = PBXGroup;
			children = (
				F883FA6EA710E9CA3C787556 /* Pods-Messenger.debug.xcconfig */,
				2A6D1586B44758A02E08BEAC /* Pods-Messenger.release.xcconfig */,
			);
			path = Pods;
			sourceTree = "<group>";
		};
		9EB5A365A597FCD47208D20E /* Frameworks */ = {
			isa = PBXGroup;
			children = (
				D810028FA01EB5FA7BC23FD5 /* Pods_Messenger.framework */,
			);
			name = Frameworks;
			sourceTree = "<group>";
		};
		F54232B128A6A26E00C10E43 = {
			isa = PBXGroup;
			children = (
				F54232BC28A6A26E00C10E43 /* Messenger */,
				F54232BB28A6A26E00C10E43 /* Products */,
				212F8562A5ABD7E5748E627E /* Pods */,
				9EB5A365A597FCD47208D20E /* Frameworks */,
			);
			sourceTree = "<group>";
		};
		F54232BB28A6A26E00C10E43 /* Products */ = {
			isa = PBXGroup;
			children = (
				F54232BA28A6A26E00C10E43 /* Messenger.app */,
			);
			name = Products;
			sourceTree = "<group>";
		};
		F54232BC28A6A26E00C10E43 /* Messenger */ = {
			isa = PBXGroup;
			children = (
				F518CCE928A82F1A00BD34D2 /* GoogleService-Info.plist */,
				F54232D628A6A42A00C10E43 /* Resources */,
				F54232D528A6A41E00C10E43 /* ViewModels */,
				F54232D428A6A41400C10E43 /* Models */,
				F54232D328A6A40C00C10E43 /* Views */,
				F54232CB28A6A27100C10E43 /* Info.plist */,
			);
			path = Messenger;
			sourceTree = "<group>";
		};
		F54232D228A6A40100C10E43 /* Controllers */ = {
			isa = PBXGroup;
			children = (
				F54232C128A6A26F00C10E43 /* ConversationsViewController.swift */,
				F54232E528A6A94400C10E43 /* Login */,
				F54232DC28A6A63600C10E43 /* PhotoViewerViewController.swift */,
				F54232DE28A6A65000C10E43 /* VideoPlayerViewController.swift */,
				F54232E028A6A67C00C10E43 /* NewConversationViewController.swift */,
				F54232E228A6A69400C10E43 /* ProfileViewController.swift */,
			);
			path = Controllers;
			sourceTree = "<group>";
		};
		F54232D328A6A40C00C10E43 /* Views */ = {
			isa = PBXGroup;
			children = (
				F54232D728A6A48E00C10E43 /* Storyboards */,
				F54232C628A6A27100C10E43 /* Assets.xcassets */,
				F54232D228A6A40100C10E43 /* Controllers */,
			);
			path = Views;
			sourceTree = "<group>";
		};
		F54232D428A6A41400C10E43 /* Models */ = {
			isa = PBXGroup;
			children = (
			);
			path = Models;
			sourceTree = "<group>";
		};
		F54232D528A6A41E00C10E43 /* ViewModels */ = {
			isa = PBXGroup;
			children = (
			);
			path = ViewModels;
			sourceTree = "<group>";
		};
		F54232D628A6A42A00C10E43 /* Resources */ = {
			isa = PBXGroup;
			children = (
				F54232BD28A6A26F00C10E43 /* AppDelegate.swift */,
				F54232BF28A6A26F00C10E43 /* SceneDelegate.swift */,
				F54232E628A6B13C00C10E43 /* Extensions.swift */,
				F5BF20CB28A912B00003459C /* DatabaseManager.swift */,
			);
			path = Resources;
			sourceTree = "<group>";
		};
		F54232D728A6A48E00C10E43 /* Storyboards */ = {
			isa = PBXGroup;
			children = (
				F54232C828A6A27100C10E43 /* LaunchScreen.storyboard */,
				F54232C328A6A26F00C10E43 /* Main.storyboard */,
			);
			path = Storyboards;
			sourceTree = "<group>";
		};
		F54232E528A6A94400C10E43 /* Login */ = {
			isa = PBXGroup;
			children = (
				F54232D828A6A5D500C10E43 /* LoginViewController.swift */,
				F54232DA28A6A5FD00C10E43 /* RegisterViewController.swift */,
			);
			path = Login;
			sourceTree = "<group>";
		};
/* End PBXGroup section */

/* Begin PBXNativeTarget section */
		F54232B928A6A26E00C10E43 /* Messenger */ = {
			isa = PBXNativeTarget;
			buildConfigurationList = F54232CE28A6A27100C10E43 /* Build configuration list for PBXNativeTarget "Messenger" */;
			buildPhases = (
				F553DB77D7F5AE634F0A8DDF /* [CP] Check Pods Manifest.lock */,
				F54232B628A6A26E00C10E43 /* Sources */,
				F54232B728A6A26E00C10E43 /* Frameworks */,
				F54232B828A6A26E00C10E43 /* Resources */,
				0C8CF4F80388A9C7D0E55336 /* [CP] Embed Pods Frameworks */,
			);
			buildRules = (
			);
			dependencies = (
			);
			name = Messenger;
			productName = Messenger;
			productReference = F54232BA28A6A26E00C10E43 /* Messenger.app */;
			productType = "com.apple.product-type.application";
		};
/* End PBXNativeTarget section */

/* Begin PBXProject section */
		F54232B228A6A26E00C10E43 /* Project object */ = {
			isa = PBXProject;
			attributes = {
				BuildIndependentTargetsInParallel = 1;
				LastSwiftUpdateCheck = 1340;
				LastUpgradeCheck = 1340;
				TargetAttributes = {
					F54232B928A6A26E00C10E43 = {
						CreatedOnToolsVersion = 13.4.1;
					};
				};
			};
			buildConfigurationList = F54232B528A6A26E00C10E43 /* Build configuration list for PBXProject "Messenger" */;
			compatibilityVersion = "Xcode 13.0";
			developmentRegion = en;
			hasScannedForEncodings = 0;
			knownRegions = (
				en,
				Base,
			);
			mainGroup = F54232B128A6A26E00C10E43;
			productRefGroup = F54232BB28A6A26E00C10E43 /* Products */;
			projectDirPath = "";
			projectRoot = "";
			targets = (
				F54232B928A6A26E00C10E43 /* Messenger */,
			);
		};
/* End PBXProject section */

/* Begin PBXResourcesBuildPhase section */
		F54232B828A6A26E00C10E43 /* Resources */ = {
			isa = PBXResourcesBuildPhase;
			buildActionMask = 2147483647;
			files = (
				F54232CA28A6A27100C10E43 /* LaunchScreen.storyboard in Resources */,
				F518CCEA28A82F1A00BD34D2 /* GoogleService-Info.plist in Resources */,
				F54232C728A6A27100C10E43 /* Assets.xcassets in Resources */,
				F54232C528A6A26F00C10E43 /* Main.storyboard in Resources */,
			);
			runOnlyForDeploymentPostprocessing = 0;
		};
/* End PBXResourcesBuildPhase section */

/* Begin PBXShellScriptBuildPhase section */
		0C8CF4F80388A9C7D0E55336 /* [CP] Embed Pods Frameworks */ = {
			isa = PBXShellScriptBuildPhase;
			buildActionMask = 2147483647;
			files = (
			);
			inputFileListPaths = (
				"${PODS_ROOT}/Target Support Files/Pods-Messenger/Pods-Messenger-frameworks-${CONFIGURATION}-input-files.xcfilelist",
			);
			name = "[CP] Embed Pods Frameworks";
			outputFileListPaths = (
				"${PODS_ROOT}/Target Support Files/Pods-Messenger/Pods-Messenger-frameworks-${CONFIGURATION}-output-files.xcfilelist",
			);
			runOnlyForDeploymentPostprocessing = 0;
			shellPath = /bin/sh;
			shellScript = "\"${PODS_ROOT}/Target Support Files/Pods-Messenger/Pods-Messenger-frameworks.sh\"\n";
			showEnvVarsInLog = 0;
		};
		F553DB77D7F5AE634F0A8DDF /* [CP] Check Pods Manifest.lock */ = {
			isa = PBXShellScriptBuildPhase;
			buildActionMask = 2147483647;
			files = (
			);
			inputFileListPaths = (
			);
			inputPaths = (
				"${PODS_PODFILE_DIR_PATH}/Podfile.lock",
				"${PODS_ROOT}/Manifest.lock",
			);
			name = "[CP] Check Pods Manifest.lock";
			outputFileListPaths = (
			);
			outputPaths = (
				"$(DERIVED_FILE_DIR)/Pods-Messenger-checkManifestLockResult.txt",
			);
			runOnlyForDeploymentPostprocessing = 0;
			shellPath = /bin/sh;
			shellScript = "diff \"${PODS_PODFILE_DIR_PATH}/Podfile.lock\" \"${PODS_ROOT}/Manifest.lock\" > /dev/null\nif [ $? != 0 ] ; then\n    # print error to STDERR\n    echo \"error: The sandbox is not in sync with the Podfile.lock. Run 'pod install' or update your CocoaPods installation.\" >&2\n    exit 1\nfi\n# This output is used by Xcode 'outputs' to avoid re-running this script phase.\necho \"SUCCESS\" > \"${SCRIPT_OUTPUT_FILE_0}\"\n";
			showEnvVarsInLog = 0;
		};
/* End PBXShellScriptBuildPhase section */

/* Begin PBXSourcesBuildPhase section */
		F54232B628A6A26E00C10E43 /* Sources */ = {
			isa = PBXSourcesBuildPhase;
			buildActionMask = 2147483647;
			files = (
				F54232D928A6A5D500C10E43 /* LoginViewController.swift in Sources */,
				F5BF20CC28A912B00003459C /* DatabaseManager.swift in Sources */,
				F54232DB28A6A5FD00C10E43 /* RegisterViewController.swift in Sources */,
				F54232E128A6A67C00C10E43 /* NewConversationViewController.swift in Sources */,
				F54232C228A6A26F00C10E43 /* ConversationsViewController.swift in Sources */,
				F54232DF28A6A65000C10E43 /* VideoPlayerViewController.swift in Sources */,
				F54232E728A6B13C00C10E43 /* Extensions.swift in Sources */,
				F54232BE28A6A26F00C10E43 /* AppDelegate.swift in Sources */,
				F54232E328A6A69400C10E43 /* ProfileViewController.swift in Sources */,
				F54232C028A6A26F00C10E43 /* SceneDelegate.swift in Sources */,
				F54232DD28A6A63600C10E43 /* PhotoViewerViewController.swift in Sources */,
			);
			runOnlyForDeploymentPostprocessing = 0;
		};
/* End PBXSourcesBuildPhase section */

/* Begin PBXVariantGroup section */
		F54232C328A6A26F00C10E43 /* Main.storyboard */ = {
			isa = PBXVariantGroup;
			children = (
				F54232C428A6A26F00C10E43 /* Base */,
			);
			name = Main.storyboard;
			sourceTree = "<group>";
		};
		F54232C828A6A27100C10E43 /* LaunchScreen.storyboard */ = {
			isa = PBXVariantGroup;
			children = (
				F54232C928A6A27100C10E43 /* Base */,
			);
			name = LaunchScreen.storyboard;
			sourceTree = "<group>";
		};
/* End PBXVariantGroup section */

/* Begin XCBuildConfiguration section */
		F54232CC28A6A27100C10E43 /* Debug */ = {
			isa = XCBuildConfiguration;
			buildSettings = {
				ALWAYS_SEARCH_USER_PATHS = NO;
				CLANG_ANALYZER_NONNULL = YES;
				CLANG_ANALYZER_NUMBER_OBJECT_CONVERSION = YES_AGGRESSIVE;
				CLANG_CXX_LANGUAGE_STANDARD = "gnu++17";
				CLANG_ENABLE_MODULES = YES;
				CLANG_ENABLE_OBJC_ARC = YES;
				CLANG_ENABLE_OBJC_WEAK = YES;
				CLANG_WARN_BLOCK_CAPTURE_AUTORELEASING = YES;
				CLANG_WARN_BOOL_CONVERSION = YES;
				CLANG_WARN_COMMA = YES;
				CLANG_WARN_CONSTANT_CONVERSION = YES;
				CLANG_WARN_DEPRECATED_OBJC_IMPLEMENTATIONS = YES;
				CLANG_WARN_DIRECT_OBJC_ISA_USAGE = YES_ERROR;
				CLANG_WARN_DOCUMENTATION_COMMENTS = YES;
				CLANG_WARN_EMPTY_BODY = YES;
				CLANG_WARN_ENUM_CONVERSION = YES;
				CLANG_WARN_INFINITE_RECURSION = YES;
				CLANG_WARN_INT_CONVERSION = YES;
				CLANG_WARN_NON_LITERAL_NULL_CONVERSION = YES;
				CLANG_WARN_OBJC_IMPLICIT_RETAIN_SELF = YES;
				CLANG_WARN_OBJC_LITERAL_CONVERSION = YES;
				CLANG_WARN_OBJC_ROOT_CLASS = YES_ERROR;
				CLANG_WARN_QUOTED_INCLUDE_IN_FRAMEWORK_HEADER = YES;
				CLANG_WARN_RANGE_LOOP_ANALYSIS = YES;
				CLANG_WARN_STRICT_PROTOTYPES = YES;
				CLANG_WARN_SUSPICIOUS_MOVE = YES;
				CLANG_WARN_UNGUARDED_AVAILABILITY = YES_AGGRESSIVE;
				CLANG_WARN_UNREACHABLE_CODE = YES;
				CLANG_WARN__DUPLICATE_METHOD_MATCH = YES;
				COPY_PHASE_STRIP = NO;
				DEBUG_INFORMATION_FORMAT = dwarf;
				ENABLE_STRICT_OBJC_MSGSEND = YES;
				ENABLE_TESTABILITY = YES;
				GCC_C_LANGUAGE_STANDARD = gnu11;
				GCC_DYNAMIC_NO_PIC = NO;
				GCC_NO_COMMON_BLOCKS = YES;
				GCC_OPTIMIZATION_LEVEL = 0;
				GCC_PREPROCESSOR_DEFINITIONS = (
					"DEBUG=1",
					"$(inherited)",
				);
				GCC_WARN_64_TO_32_BIT_CONVERSION = YES;
				GCC_WARN_ABOUT_RETURN_TYPE = YES_ERROR;
				GCC_WARN_UNDECLARED_SELECTOR = YES;
				GCC_WARN_UNINITIALIZED_AUTOS = YES_AGGRESSIVE;
				GCC_WARN_UNUSED_FUNCTION = YES;
				GCC_WARN_UNUSED_VARIABLE = YES;
				IPHONEOS_DEPLOYMENT_TARGET = 15.5;
				MTL_ENABLE_DEBUG_INFO = INCLUDE_SOURCE;
				MTL_FAST_MATH = YES;
				ONLY_ACTIVE_ARCH = YES;
				SDKROOT = iphoneos;
				SWIFT_ACTIVE_COMPILATION_CONDITIONS = DEBUG;
				SWIFT_OPTIMIZATION_LEVEL = "-Onone";
			};
			name = Debug;
		};
		F54232CD28A6A27100C10E43 /* Release */ = {
			isa = XCBuildConfiguration;
			buildSettings = {
				ALWAYS_SEARCH_USER_PATHS = NO;
				CLANG_ANALYZER_NONNULL = YES;
				CLANG_ANALYZER_NUMBER_OBJECT_CONVERSION = YES_AGGRESSIVE;
				CLANG_CXX_LANGUAGE_STANDARD = "gnu++17";
				CLANG_ENABLE_MODULES = YES;
				CLANG_ENABLE_OBJC_ARC = YES;
				CLANG_ENABLE_OBJC_WEAK = YES;
				CLANG_WARN_BLOCK_CAPTURE_AUTORELEASING = YES;
				CLANG_WARN_BOOL_CONVERSION = YES;
				CLANG_WARN_COMMA = YES;
				CLANG_WARN_CONSTANT_CONVERSION = YES;
				CLANG_WARN_DEPRECATED_OBJC_IMPLEMENTATIONS = YES;
				CLANG_WARN_DIRECT_OBJC_ISA_USAGE = YES_ERROR;
				CLANG_WARN_DOCUMENTATION_COMMENTS = YES;
				CLANG_WARN_EMPTY_BODY = YES;
				CLANG_WARN_ENUM_CONVERSION = YES;
				CLANG_WARN_INFINITE_RECURSION = YES;
				CLANG_WARN_INT_CONVERSION = YES;
				CLANG_WARN_NON_LITERAL_NULL_CONVERSION = YES;
				CLANG_WARN_OBJC_IMPLICIT_RETAIN_SELF = YES;
				CLANG_WARN_OBJC_LITERAL_CONVERSION = YES;
				CLANG_WARN_OBJC_ROOT_CLASS = YES_ERROR;
				CLANG_WARN_QUOTED_INCLUDE_IN_FRAMEWORK_HEADER = YES;
				CLANG_WARN_RANGE_LOOP_ANALYSIS = YES;
				CLANG_WARN_STRICT_PROTOTYPES = YES;
				CLANG_WARN_SUSPICIOUS_MOVE = YES;
				CLANG_WARN_UNGUARDED_AVAILABILITY = YES_AGGRESSIVE;
				CLANG_WARN_UNREACHABLE_CODE = YES;
				CLANG_WARN__DUPLICATE_METHOD_MATCH = YES;
				COPY_PHASE_STRIP = NO;
				DEBUG_INFORMATION_FORMAT = "dwarf-with-dsym";
				ENABLE_NS_ASSERTIONS = NO;
				ENABLE_STRICT_OBJC_MSGSEND = YES;
				GCC_C_LANGUAGE_STANDARD = gnu11;
				GCC_NO_COMMON_BLOCKS = YES;
				GCC_WARN_64_TO_32_BIT_CONVERSION = YES;
				GCC_WARN_ABOUT_RETURN_TYPE = YES_ERROR;
				GCC_WARN_UNDECLARED_SELECTOR = YES;
				GCC_WARN_UNINITIALIZED_AUTOS = YES_AGGRESSIVE;
				GCC_WARN_UNUSED_FUNCTION = YES;
				GCC_WARN_UNUSED_VARIABLE = YES;
				IPHONEOS_DEPLOYMENT_TARGET = 15.5;
				MTL_ENABLE_DEBUG_INFO = NO;
				MTL_FAST_MATH = YES;
				SDKROOT = iphoneos;
				SWIFT_COMPILATION_MODE = wholemodule;
				SWIFT_OPTIMIZATION_LEVEL = "-O";
				VALIDATE_PRODUCT = YES;
			};
			name = Release;
		};
		F54232CF28A6A27100C10E43 /* Debug */ = {
			isa = XCBuildConfiguration;
			baseConfigurationReference = F883FA6EA710E9CA3C787556 /* Pods-Messenger.debug.xcconfig */;
			buildSettings = {
				ASSETCATALOG_COMPILER_APPICON_NAME = AppIcon;
				ASSETCATALOG_COMPILER_GLOBAL_ACCENT_COLOR_NAME = AccentColor;
				CODE_SIGN_STYLE = Automatic;
				CURRENT_PROJECT_VERSION = 1;
				DEVELOPMENT_TEAM = V89L9C89Q6;
				GENERATE_INFOPLIST_FILE = YES;
				INFOPLIST_FILE = Messenger/Info.plist;
				INFOPLIST_KEY_UIApplicationSupportsIndirectInputEvents = YES;
				INFOPLIST_KEY_UILaunchStoryboardName = LaunchScreen;
				INFOPLIST_KEY_UIMainStoryboardFile = Main;
				INFOPLIST_KEY_UISupportedInterfaceOrientations = UIInterfaceOrientationPortrait;
				INFOPLIST_KEY_UISupportedInterfaceOrientations_iPad = "UIInterfaceOrientationPortrait UIInterfaceOrientationPortraitUpsideDown UIInterfaceOrientationLandscapeLeft UIInterfaceOrientationLandscapeRight";
				INFOPLIST_KEY_UISupportedInterfaceOrientations_iPhone = "UIInterfaceOrientationPortrait UIInterfaceOrientationLandscapeLeft UIInterfaceOrientationLandscapeRight";
				IPHONEOS_DEPLOYMENT_TARGET = 13.5;
				LD_RUNPATH_SEARCH_PATHS = (
					"$(inherited)",
					"@executable_path/Frameworks",
				);
				MARKETING_VERSION = 1.0;
				PRODUCT_BUNDLE_IDENTIFIER = iosAcademy.Messenger;
				PRODUCT_NAME = "$(TARGET_NAME)";
				SWIFT_EMIT_LOC_STRINGS = YES;
				SWIFT_VERSION = 5.0;
				TARGETED_DEVICE_FAMILY = "1,2";
			};
			name = Debug;
		};
		F54232D028A6A27100C10E43 /* Release */ = {
			isa = XCBuildConfiguration;
			baseConfigurationReference = 2A6D1586B44758A02E08BEAC /* Pods-Messenger.release.xcconfig */;
			buildSettings = {
				ASSETCATALOG_COMPILER_APPICON_NAME = AppIcon;
				ASSETCATALOG_COMPILER_GLOBAL_ACCENT_COLOR_NAME = AccentColor;
				CODE_SIGN_STYLE = Automatic;
				CURRENT_PROJECT_VERSION = 1;
				DEVELOPMENT_TEAM = V89L9C89Q6;
				GENERATE_INFOPLIST_FILE = YES;
				INFOPLIST_FILE = Messenger/Info.plist;
				INFOPLIST_KEY_UIApplicationSupportsIndirectInputEvents = YES;
				INFOPLIST_KEY_UILaunchStoryboardName = LaunchScreen;
				INFOPLIST_KEY_UIMainStoryboardFile = Main;
				INFOPLIST_KEY_UISupportedInterfaceOrientations = UIInterfaceOrientationPortrait;
				INFOPLIST_KEY_UISupportedInterfaceOrientations_iPad = "UIInterfaceOrientationPortrait UIInterfaceOrientationPortraitUpsideDown UIInterfaceOrientationLandscapeLeft UIInterfaceOrientationLandscapeRight";
				INFOPLIST_KEY_UISupportedInterfaceOrientations_iPhone = "UIInterfaceOrientationPortrait UIInterfaceOrientationLandscapeLeft UIInterfaceOrientationLandscapeRight";
				IPHONEOS_DEPLOYMENT_TARGET = 13.5;
				LD_RUNPATH_SEARCH_PATHS = (
					"$(inherited)",
					"@executable_path/Frameworks",
				);
				MARKETING_VERSION = 1.0;
				PRODUCT_BUNDLE_IDENTIFIER = iosAcademy.Messenger;
				PRODUCT_NAME = "$(TARGET_NAME)";
				SWIFT_EMIT_LOC_STRINGS = YES;
				SWIFT_VERSION = 5.0;
				TARGETED_DEVICE_FAMILY = "1,2";
			};
			name = Release;
		};
/* End XCBuildConfiguration section */

/* Begin XCConfigurationList section */
		F54232B528A6A26E00C10E43 /* Build configuration list for PBXProject "Messenger" */ = {
			isa = XCConfigurationList;
			buildConfigurations = (
				F54232CC28A6A27100C10E43 /* Debug */,
				F54232CD28A6A27100C10E43 /* Release */,
			);
			defaultConfigurationIsVisible = 0;
			defaultConfigurationName = Release;
		};
		F54232CE28A6A27100C10E43 /* Build configuration list for PBXNativeTarget "Messenger" */ = {
			isa = XCConfigurationList;
			buildConfigurations = (
				F54232CF28A6A27100C10E43 /* Debug */,
				F54232D028A6A27100C10E43 /* Release */,
			);
			defaultConfigurationIsVisible = 0;
			defaultConfigurationName = Release;
		};
/* End XCConfigurationList section */
	};
	rootObject = F54232B228A6A26E00C10E43 /* Project object */;
}
